# This file is generated by running "yarn install" inside your project.
# Manual changes might be lost - proceed with caution!

__metadata:
  version: 4
  cacheKey: 8

"@prisma/client@npm:^2.29.1":
  version: 2.29.1
  resolution: "@prisma/client@npm:2.29.1"
  dependencies:
    "@prisma/engines-version": 2.29.0-34.1be4cd60b89afa04b192acb1ef47758a39810f3a
  peerDependencies:
    prisma: "*"
  peerDependenciesMeta:
    prisma:
      optional: true
  checksum: 805874c44300747c35a01f270154e3be431067bcf6734f852ec039d6335c6cdfee446e938b87a03fe9b025fcf64fa5c0e4a41978dd8383d9ba2ea8a590a87f4a
  languageName: node
  linkType: hard

"@prisma/engines-version@npm:2.29.0-34.1be4cd60b89afa04b192acb1ef47758a39810f3a":
  version: 2.29.0-34.1be4cd60b89afa04b192acb1ef47758a39810f3a
  resolution: "@prisma/engines-version@npm:2.29.0-34.1be4cd60b89afa04b192acb1ef47758a39810f3a"
  checksum: cf1b962ee576d5454513cbadf6b8b9da00806ecd5e162bccf26583cc33532855142baf423a7e23fdb6f1ca000c1a5f1153e762c63d8d707a2179613885a1bec4
  languageName: node
  linkType: hard

"@prisma/engines@npm:2.29.0-34.1be4cd60b89afa04b192acb1ef47758a39810f3a":
  version: 2.29.0-34.1be4cd60b89afa04b192acb1ef47758a39810f3a
  resolution: "@prisma/engines@npm:2.29.0-34.1be4cd60b89afa04b192acb1ef47758a39810f3a"
  checksum: 09c0d3be5611a5a4cff4e91a45f339c121bb3f3460f2832727ca8c157ebec9fa17e36601d92ff00d55780a425e372bbfb6cf0b4d093e3b04400bfb2c69b5009f
  languageName: node
  linkType: hard

"other-workspace@workspace:other-workspace":
  version: 0.0.0-use.local
  resolution: "other-workspace@workspace:other-workspace"
  languageName: unknown
  linkType: soft

"prisma@npm:^2.29.1":
  version: 2.29.1
  resolution: "prisma@npm:2.29.1"
  dependencies:
    "@prisma/engines": 2.29.0-34.1be4cd60b89afa04b192acb1ef47758a39810f3a
  bin:
    prisma: build/index.js
    prisma2: build/index.js
  checksum: e7a065c98eea9e9575950cc8fda7f7be536e00d129546e76f53e7c79f57ce8eec03ffe729e3a91faa06e2e461a63e396579098c74869224117f37b116966902e
  languageName: node
  linkType: hard

"workspace@workspace:workspace":
  version: 0.0.0-use.local
  resolution: "workspace@workspace:workspace"
  dependencies:
    "@prisma/client": ^2.29.1
    prisma: ^2.29.1
  languageName: unknown
  linkType: soft

"yarn-prisma-repro@workspace:.":
  version: 0.0.0-use.local
  resolution: "yarn-prisma-repro@workspace:."
  languageName: unknown
  linkType: soft
